
Microsoft Visual Studio Solution File, Format Version 12.00
# Visual Studio 15
VisualStudioVersion = 15.0.28307.1340
MinimumVisualStudioVersion = 10.0.40219.1
Project("{9A19103F-16F7-4668-BE54-9A1E7A4F7556}") = "NetCore.Web", "NetCore.Web\NetCore.Web.csproj", "{2FE01049-4073-445C-9A43-673116C7996D}"
EndProject
Project("{9A19103F-16F7-4668-BE54-9A1E7A4F7556}") = "NetCore.Services", "NetCore.Services\NetCore.Services.csproj", "{8554557A-7197-475A-9B69-0ED02D9607D5}"
EndProject
Project("{9A19103F-16F7-4668-BE54-9A1E7A4F7556}") = "NetCore.Data", "NetCore.Data\NetCore.Data.csproj", "{8A8B840A-2D6E-4416-8D02-BFBF5024C90D}"
EndProject
Project("{FAE04EC0-301F-11D3-BF4B-00C04F79EFBC}") = "NetCore.Migrations", "NetCore.Migrations\NetCore.Migrations.csproj", "{7FF34105-7659-4F7F-862A-FF4199F4797A}"
EndProject
Global
	GlobalSection(SolutionConfigurationPlatforms) = preSolution
		Debug|Any CPU = Debug|Any CPU
		Release|Any CPU = Release|Any CPU
	EndGlobalSection
	GlobalSection(ProjectConfigurationPlatforms) = postSolution
		{2FE01049-4073-445C-9A43-673116C7996D}.Debug|Any CPU.ActiveCfg = Debug|Any CPU
		{2FE01049-4073-445C-9A43-673116C7996D}.Debug|Any CPU.Build.0 = Debug|Any CPU
		{2FE01049-4073-445C-9A43-673116C7996D}.Release|Any CPU.ActiveCfg = Release|Any CPU
		{2FE01049-4073-445C-9A43-673116C7996D}.Release|Any CPU.Build.0 = Release|Any CPU
		{8554557A-7197-475A-9B69-0ED02D9607D5}.Debug|Any CPU.ActiveCfg = Debug|Any CPU
		{8554557A-7197-475A-9B69-0ED02D9607D5}.Debug|Any CPU.Build.0 = Debug|Any CPU
		{8554557A-7197-475A-9B69-0ED02D9607D5}.Release|Any CPU.ActiveCfg = Release|Any CPU
		{8554557A-7197-475A-9B69-0ED02D9607D5}.Release|Any CPU.Build.0 = Release|Any CPU
		{8A8B840A-2D6E-4416-8D02-BFBF5024C90D}.Debug|Any CPU.ActiveCfg = Debug|Any CPU
		{8A8B840A-2D6E-4416-8D02-BFBF5024C90D}.Debug|Any CPU.Build.0 = Debug|Any CPU
		{8A8B840A-2D6E-4416-8D02-BFBF5024C90D}.Release|Any CPU.ActiveCfg = Release|Any CPU
		{8A8B840A-2D6E-4416-8D02-BFBF5024C90D}.Release|Any CPU.Build.0 = Release|Any CPU
		{7FF34105-7659-4F7F-862A-FF4199F4797A}.Debug|Any CPU.ActiveCfg = Debug|Any CPU
		{7FF34105-7659-4F7F-862A-FF4199F4797A}.Debug|Any CPU.Build.0 = Debug|Any CPU
		{7FF34105-7659-4F7F-862A-FF4199F4797A}.Release|Any CPU.ActiveCfg = Release|Any CPU
		{7FF34105-7659-4F7F-862A-FF4199F4797A}.Release|Any CPU.Build.0 = Release|Any CPU
	EndGlobalSection
	GlobalSection(SolutionProperties) = preSolution
		HideSolutionNode = FALSE
	EndGlobalSection
	GlobalSection(ExtensibilityGlobals) = postSolution
		SolutionGuid = {D206A342-F5C3-456C-80BB-54009777FA9A}
	EndGlobalSection
EndGlobal
